
Microsoft Visual Studio Solution File, Format Version 12.00
# Visual Studio Version 17
VisualStudioVersion = 17.12.35527.113 d17.12
MinimumVisualStudioVersion = 10.0.40219.1
Project("{2150E333-8FDC-42A3-9474-1A3956D46DE8}") = "src", "src", "{A2E87B63-2286-4CB8-9DF5-395949E5EAE5}"
EndProject
Project("{FAE04EC0-301F-11D3-BF4B-00C04F79EFBC}") = "WebFrontEnd", "scr\WebFrontEnd\WebFrontEnd.csproj", "{BC0B85A6-73C1-4A32-B280-B93410E2F71B}"
EndProject
Project("{FAE04EC0-301F-11D3-BF4B-00C04F79EFBC}") = "MyWebAPI", "scr\MyWebAPI\MyWebAPI.csproj", "{739EEDF5-00FD-4D21-A8AF-8E8ECBE6546E}"
EndProject
Global
	GlobalSection(SolutionConfigurationPlatforms) = preSolution
		Debug|Any CPU = Debug|Any CPU
		Release|Any CPU = Release|Any CPU
	EndGlobalSection
	GlobalSection(ProjectConfigurationPlatforms) = postSolution
		{BC0B85A6-73C1-4A32-B280-B93410E2F71B}.Debug|Any CPU.ActiveCfg = Debug|Any CPU
		{BC0B85A6-73C1-4A32-B280-B93410E2F71B}.Debug|Any CPU.Build.0 = Debug|Any CPU
		{BC0B85A6-73C1-4A32-B280-B93410E2F71B}.Release|Any CPU.ActiveCfg = Release|Any CPU
		{BC0B85A6-73C1-4A32-B280-B93410E2F71B}.Release|Any CPU.Build.0 = Release|Any CPU
		{739EEDF5-00FD-4D21-A8AF-8E8ECBE6546E}.Debug|Any CPU.ActiveCfg = Debug|Any CPU
		{739EEDF5-00FD-4D21-A8AF-8E8ECBE6546E}.Debug|Any CPU.Build.0 = Debug|Any CPU
		{739EEDF5-00FD-4D21-A8AF-8E8ECBE6546E}.Release|Any CPU.ActiveCfg = Release|Any CPU
		{739EEDF5-00FD-4D21-A8AF-8E8ECBE6546E}.Release|Any CPU.Build.0 = Release|Any CPU
	EndGlobalSection
	GlobalSection(SolutionProperties) = preSolution
		HideSolutionNode = FALSE
	EndGlobalSection
	GlobalSection(NestedProjects) = preSolution
		{BC0B85A6-73C1-4A32-B280-B93410E2F71B} = {A2E87B63-2286-4CB8-9DF5-395949E5EAE5}
		{739EEDF5-00FD-4D21-A8AF-8E8ECBE6546E} = {A2E87B63-2286-4CB8-9DF5-395949E5EAE5}
	EndGlobalSection
EndGlobal
